
Microsoft Visual Studio Solution File, Format Version 12.00
# Visual Studio Version 17
VisualStudioVersion = 17.12.35527.113 d17.12
MinimumVisualStudioVersion = 10.0.40219.1
Project("{FAE04EC0-301F-11D3-BF4B-00C04F79EFBC}") = "С#FinalHw", "С#FinalHw\С#FinalHw.csproj", "{81B90DE8-64C7-4282-8F90-A161AA4B17F7}"
	ProjectSection(ProjectDependencies) = postProject
		{AB7290B2-56D8-4846-B605-68A553F8C844} = {AB7290B2-56D8-4846-B605-68A553F8C844}
	EndProjectSection
EndProject
Project("{FAE04EC0-301F-11D3-BF4B-00C04F79EFBC}") = "InformationCarrierFDS", "InformationCarrierFDS\InformationCarrierFDS.csproj", "{7E9207DE-5D80-43F0-AB58-2809D5A958DA}"
EndProject
Project("{FAE04EC0-301F-11D3-BF4B-00C04F79EFBC}") = "PriceList", "PriceList\PriceList.csproj", "{AB7290B2-56D8-4846-B605-68A553F8C844}"
	ProjectSection(ProjectDependencies) = postProject
		{5281BD2E-0234-49E6-B8C8-C6318FB2CA5F} = {5281BD2E-0234-49E6-B8C8-C6318FB2CA5F}
		{7E9207DE-5D80-43F0-AB58-2809D5A958DA} = {7E9207DE-5D80-43F0-AB58-2809D5A958DA}
		{F904AFDC-2C0F-43AF-BB26-CACAF064DDCA} = {F904AFDC-2C0F-43AF-BB26-CACAF064DDCA}
	EndProjectSection
EndProject
Project("{FAE04EC0-301F-11D3-BF4B-00C04F79EFBC}") = "Log", "Log\Log.csproj", "{5281BD2E-0234-49E6-B8C8-C6318FB2CA5F}"
EndProject
Project("{FAE04EC0-301F-11D3-BF4B-00C04F79EFBC}") = "Serialize", "Serialize\Serialize.csproj", "{F904AFDC-2C0F-43AF-BB26-CACAF064DDCA}"
	ProjectSection(ProjectDependencies) = postProject
		{7E9207DE-5D80-43F0-AB58-2809D5A958DA} = {7E9207DE-5D80-43F0-AB58-2809D5A958DA}
	EndProjectSection
EndProject
Global
	GlobalSection(SolutionConfigurationPlatforms) = preSolution
		Debug|Any CPU = Debug|Any CPU
		Release|Any CPU = Release|Any CPU
	EndGlobalSection
	GlobalSection(ProjectConfigurationPlatforms) = postSolution
		{81B90DE8-64C7-4282-8F90-A161AA4B17F7}.Debug|Any CPU.ActiveCfg = Debug|Any CPU
		{81B90DE8-64C7-4282-8F90-A161AA4B17F7}.Debug|Any CPU.Build.0 = Debug|Any CPU
		{81B90DE8-64C7-4282-8F90-A161AA4B17F7}.Release|Any CPU.ActiveCfg = Release|Any CPU
		{81B90DE8-64C7-4282-8F90-A161AA4B17F7}.Release|Any CPU.Build.0 = Release|Any CPU
		{7E9207DE-5D80-43F0-AB58-2809D5A958DA}.Debug|Any CPU.ActiveCfg = Debug|Any CPU
		{7E9207DE-5D80-43F0-AB58-2809D5A958DA}.Debug|Any CPU.Build.0 = Debug|Any CPU
		{7E9207DE-5D80-43F0-AB58-2809D5A958DA}.Release|Any CPU.ActiveCfg = Release|Any CPU
		{7E9207DE-5D80-43F0-AB58-2809D5A958DA}.Release|Any CPU.Build.0 = Release|Any CPU
		{AB7290B2-56D8-4846-B605-68A553F8C844}.Debug|Any CPU.ActiveCfg = Debug|Any CPU
		{AB7290B2-56D8-4846-B605-68A553F8C844}.Debug|Any CPU.Build.0 = Debug|Any CPU
		{AB7290B2-56D8-4846-B605-68A553F8C844}.Release|Any CPU.ActiveCfg = Release|Any CPU
		{AB7290B2-56D8-4846-B605-68A553F8C844}.Release|Any CPU.Build.0 = Release|Any CPU
		{5281BD2E-0234-49E6-B8C8-C6318FB2CA5F}.Debug|Any CPU.ActiveCfg = Debug|Any CPU
		{5281BD2E-0234-49E6-B8C8-C6318FB2CA5F}.Debug|Any CPU.Build.0 = Debug|Any CPU
		{5281BD2E-0234-49E6-B8C8-C6318FB2CA5F}.Release|Any CPU.ActiveCfg = Release|Any CPU
		{5281BD2E-0234-49E6-B8C8-C6318FB2CA5F}.Release|Any CPU.Build.0 = Release|Any CPU
		{F904AFDC-2C0F-43AF-BB26-CACAF064DDCA}.Debug|Any CPU.ActiveCfg = Debug|Any CPU
		{F904AFDC-2C0F-43AF-BB26-CACAF064DDCA}.Debug|Any CPU.Build.0 = Debug|Any CPU
		{F904AFDC-2C0F-43AF-BB26-CACAF064DDCA}.Release|Any CPU.ActiveCfg = Release|Any CPU
		{F904AFDC-2C0F-43AF-BB26-CACAF064DDCA}.Release|Any CPU.Build.0 = Release|Any CPU
	EndGlobalSection
	GlobalSection(SolutionProperties) = preSolution
		HideSolutionNode = FALSE
	EndGlobalSection
EndGlobal
